
Microsoft Visual Studio Solution File, Format Version 12.00
# Visual Studio Version 17
VisualStudioVersion = 17.5.002.0
MinimumVisualStudioVersion = 10.0.40219.1
Project("{9A19103F-16F7-4668-BE54-9A1E7A4F7556}") = "0-unique_add", "0-unique_add\0-unique_add.csproj", "{836617CF-DDA8-4951-8F38-4108CB96B070}"
EndProject
Project("{9A19103F-16F7-4668-BE54-9A1E7A4F7556}") = "1-common_elements", "1-common_elements\1-common_elements.csproj", "{332C04E5-336F-4925-BA78-6A41BA726C65}"
EndProject
Project("{9A19103F-16F7-4668-BE54-9A1E7A4F7556}") = "2-different_elements", "2-different_elements\2-different_elements.csproj", "{537BB5E2-968F-4FB7-AE86-2EE10D023FCD}"
EndProject
Project("{9A19103F-16F7-4668-BE54-9A1E7A4F7556}") = "3-stack_push_pop", "3-stack_push_pop\3-stack_push_pop.csproj", "{E802C0EF-4598-42AC-9969-EA383F4283EC}"
EndProject
Global
	GlobalSection(SolutionConfigurationPlatforms) = preSolution
		Debug|Any CPU = Debug|Any CPU
		Release|Any CPU = Release|Any CPU
	EndGlobalSection
	GlobalSection(ProjectConfigurationPlatforms) = postSolution
		{836617CF-DDA8-4951-8F38-4108CB96B070}.Debug|Any CPU.ActiveCfg = Debug|Any CPU
		{836617CF-DDA8-4951-8F38-4108CB96B070}.Debug|Any CPU.Build.0 = Debug|Any CPU
		{836617CF-DDA8-4951-8F38-4108CB96B070}.Release|Any CPU.ActiveCfg = Release|Any CPU
		{836617CF-DDA8-4951-8F38-4108CB96B070}.Release|Any CPU.Build.0 = Release|Any CPU
		{332C04E5-336F-4925-BA78-6A41BA726C65}.Debug|Any CPU.ActiveCfg = Debug|Any CPU
		{332C04E5-336F-4925-BA78-6A41BA726C65}.Debug|Any CPU.Build.0 = Debug|Any CPU
		{332C04E5-336F-4925-BA78-6A41BA726C65}.Release|Any CPU.ActiveCfg = Release|Any CPU
		{332C04E5-336F-4925-BA78-6A41BA726C65}.Release|Any CPU.Build.0 = Release|Any CPU
		{537BB5E2-968F-4FB7-AE86-2EE10D023FCD}.Debug|Any CPU.ActiveCfg = Debug|Any CPU
		{537BB5E2-968F-4FB7-AE86-2EE10D023FCD}.Debug|Any CPU.Build.0 = Debug|Any CPU
		{537BB5E2-968F-4FB7-AE86-2EE10D023FCD}.Release|Any CPU.ActiveCfg = Release|Any CPU
		{537BB5E2-968F-4FB7-AE86-2EE10D023FCD}.Release|Any CPU.Build.0 = Release|Any CPU
		{E802C0EF-4598-42AC-9969-EA383F4283EC}.Debug|Any CPU.ActiveCfg = Debug|Any CPU
		{E802C0EF-4598-42AC-9969-EA383F4283EC}.Debug|Any CPU.Build.0 = Debug|Any CPU
		{E802C0EF-4598-42AC-9969-EA383F4283EC}.Release|Any CPU.ActiveCfg = Release|Any CPU
		{E802C0EF-4598-42AC-9969-EA383F4283EC}.Release|Any CPU.Build.0 = Release|Any CPU
	EndGlobalSection
	GlobalSection(SolutionProperties) = preSolution
		HideSolutionNode = FALSE
	EndGlobalSection
	GlobalSection(ExtensibilityGlobals) = postSolution
		SolutionGuid = {8E06D327-2F38-4F5C-98BB-A7798FDB0B72}
	EndGlobalSection
EndGlobal
